
Microsoft Visual Studio Solution File, Format Version 12.00
# Visual Studio Version 17
VisualStudioVersion = 17.5.33516.290
MinimumVisualStudioVersion = 10.0.40219.1
Project("{FAE04EC0-301F-11D3-BF4B-00C04F79EFBC}") = "E-Wallet", "E-Wallet\E-Wallet.csproj", "{530E9357-E8BE-447F-AE92-37465996E51F}"
EndProject
Project("{FAE04EC0-301F-11D3-BF4B-00C04F79EFBC}") = "E-Wallet.BizlogicLayer", "E-Wallet.BizlogicLayer\E-Wallet.BizlogicLayer.csproj", "{E082EF2E-7944-4B17-8A88-BC668AE0D5FD}"
EndProject
Project("{FAE04EC0-301F-11D3-BF4B-00C04F79EFBC}") = "E-Wallet.DataAccessLayer", "E-Wallet.DataAccessLayer\E-Wallet.DataAccessLayer.csproj", "{A25F0F77-3699-4117-8A50-319AF7140AC2}"
EndProject
Project("{FAE04EC0-301F-11D3-BF4B-00C04F79EFBC}") = "E-Wallet.DataRepositoryLayer", "E-Wallet.DataRepositoryLayer\E-Wallet.DataRepositoryLayer.csproj", "{98484A3A-0CE7-403F-B5B6-544BE03D7F57}"
EndProject
Global
	GlobalSection(SolutionConfigurationPlatforms) = preSolution
		Debug|Any CPU = Debug|Any CPU
		Release|Any CPU = Release|Any CPU
	EndGlobalSection
	GlobalSection(ProjectConfigurationPlatforms) = postSolution
		{530E9357-E8BE-447F-AE92-37465996E51F}.Debug|Any CPU.ActiveCfg = Debug|Any CPU
		{530E9357-E8BE-447F-AE92-37465996E51F}.Debug|Any CPU.Build.0 = Debug|Any CPU
		{530E9357-E8BE-447F-AE92-37465996E51F}.Release|Any CPU.ActiveCfg = Release|Any CPU
		{530E9357-E8BE-447F-AE92-37465996E51F}.Release|Any CPU.Build.0 = Release|Any CPU
		{E082EF2E-7944-4B17-8A88-BC668AE0D5FD}.Debug|Any CPU.ActiveCfg = Debug|Any CPU
		{E082EF2E-7944-4B17-8A88-BC668AE0D5FD}.Debug|Any CPU.Build.0 = Debug|Any CPU
		{E082EF2E-7944-4B17-8A88-BC668AE0D5FD}.Release|Any CPU.ActiveCfg = Release|Any CPU
		{E082EF2E-7944-4B17-8A88-BC668AE0D5FD}.Release|Any CPU.Build.0 = Release|Any CPU
		{A25F0F77-3699-4117-8A50-319AF7140AC2}.Debug|Any CPU.ActiveCfg = Debug|Any CPU
		{A25F0F77-3699-4117-8A50-319AF7140AC2}.Debug|Any CPU.Build.0 = Debug|Any CPU
		{A25F0F77-3699-4117-8A50-319AF7140AC2}.Release|Any CPU.ActiveCfg = Release|Any CPU
		{A25F0F77-3699-4117-8A50-319AF7140AC2}.Release|Any CPU.Build.0 = Release|Any CPU
		{98484A3A-0CE7-403F-B5B6-544BE03D7F57}.Debug|Any CPU.ActiveCfg = Debug|Any CPU
		{98484A3A-0CE7-403F-B5B6-544BE03D7F57}.Debug|Any CPU.Build.0 = Debug|Any CPU
		{98484A3A-0CE7-403F-B5B6-544BE03D7F57}.Release|Any CPU.ActiveCfg = Release|Any CPU
		{98484A3A-0CE7-403F-B5B6-544BE03D7F57}.Release|Any CPU.Build.0 = Release|Any CPU
	EndGlobalSection
	GlobalSection(SolutionProperties) = preSolution
		HideSolutionNode = FALSE
	EndGlobalSection
	GlobalSection(ExtensibilityGlobals) = postSolution
		SolutionGuid = {584CB6C4-E21D-44A6-968F-8B11CE2DCD1A}
	EndGlobalSection
EndGlobal
